{
  "pins" : [
    {
      "identity" : "autocodable",
      "kind" : "remoteSourceControl",
      "location" : "https://github.com/Fleuronic/AutoCodable",
      "state" : {
        "branch" : "main",
        "revision" : "18afe7f25b1a36159bcf8d0391807ee739d3c83c"
      }
    },
    {
      "identity" : "catena",
      "kind" : "remoteSourceControl",
      "location" : "https://github.com/Fleuronic/Catena",
      "state" : {
        "branch" : "main",
        "revision" : "1d3a71c6636ecd31d5490f9f7ed931a3b2abb70e"
      }
    },
    {
      "identity" : "catenary",
      "kind" : "remoteSourceControl",
      "location" : "https://github.com/Fleuronic/Catenary",
      "state" : {
        "branch" : "main",
        "revision" : "be12c81097697d00a38c69816885584981974456"
      }
    },
    {
      "identity" : "dewdrop",
      "kind" : "remoteSourceControl",
      "location" : "https://github.com/Fleuronic/Dewdrop",
      "state" : {
        "branch" : "main",
        "revision" : "28d0924f061e2b488ba06203e29d6a913a219900"
      }
    },
    {
      "identity" : "dewdropservice",
      "kind" : "remoteSourceControl",
      "location" : "https://github.com/Fleuronic/DewdropService",
      "state" : {
        "branch" : "main",
        "revision" : "fcdb5b47d864986962d0d80908864056167662a6"
      }
    },
    {
      "identity" : "identity",
      "kind" : "remoteSourceControl",
      "location" : "https://github.com/Fleuronic/Identity",
      "state" : {
        "branch" : "master",
        "revision" : "3c92c38d7a5f2134beaefa25c278ddda5d3fcf7a"
      }
    },
    {
      "identity" : "papyrus",
      "kind" : "remoteSourceControl",
      "location" : "http://github.com/Fleuronic/papyrus",
      "state" : {
        "branch" : "optional-path-parameters",
        "revision" : "81c52e491e4e3635193fc5661faa2e386d640fdf"
      }
    },
    {
      "identity" : "swift-memberwise-init-macro",
      "kind" : "remoteSourceControl",
      "location" : "https://github.com/gohanlon/swift-memberwise-init-macro",
      "state" : {
        "revision" : "21ca6d8c8f9e4ce27e92f82da294e0d91953b8b6",
        "version" : "0.5.1"
      }
    },
    {
      "identity" : "swift-security",
      "kind" : "remoteSourceControl",
      "location" : "https://github.com/dm-zharov/swift-security",
      "state" : {
        "branch" : "main",
        "revision" : "56808589e8b5b02095afdd23357df7915639c6a2"
      }
    },
    {
      "identity" : "swift-syntax",
      "kind" : "remoteSourceControl",
      "location" : "https://github.com/swiftlang/swift-syntax",
      "state" : {
        "revision" : "2bc86522d115234d1f588efe2bcb4ce4be8f8b82",
        "version" : "510.0.3"
      }
    }
  ],
  "version" : 2
}
