{
  "pins" : [
    {
      "identity" : "autocodable",
      "kind" : "remoteSourceControl",
      "location" : "https://github.com/Fleuronic/AutoCodable",
      "state" : {
        "branch" : "main",
        "revision" : "a92b1f18350cb69952a0dd77faec904d63479272"
      }
    },
    {
      "identity" : "catena",
      "kind" : "remoteSourceControl",
      "location" : "https://github.com/Fleuronic/Catena",
      "state" : {
        "branch" : "main",
        "revision" : "0886450dc5cc4d2607cd63ce95772e6fb29d7a9f"
      }
    },
    {
      "identity" : "catenary",
      "kind" : "remoteSourceControl",
      "location" : "https://github.com/Fleuronic/Catenary",
      "state" : {
        "branch" : "main",
        "revision" : "4b6597ad091aef169da5e40a867faa8c89a4fc66"
      }
    },
    {
      "identity" : "dewdrop",
      "kind" : "remoteSourceControl",
      "location" : "https://github.com/Fleuronic/Dewdrop",
      "state" : {
        "branch" : "main",
        "revision" : "19de3437dc9eb324346b0e93ccd843d9a3213da8"
      }
    },
    {
      "identity" : "dewdropservice",
      "kind" : "remoteSourceControl",
      "location" : "https://github.com/Fleuronic/DewdropService",
      "state" : {
        "branch" : "main",
        "revision" : "89ae3c3c4a6031de3a45c4e38330ada6aa254b2f"
      }
    },
    {
      "identity" : "identity",
      "kind" : "remoteSourceControl",
      "location" : "https://github.com/Fleuronic/Identity",
      "state" : {
        "branch" : "master",
        "revision" : "511c8584d7c0bed3da607156a4d643fd44ca4368"
      }
    },
    {
      "identity" : "papyrus",
      "kind" : "remoteSourceControl",
      "location" : "http://github.com/Fleuronic/papyrus",
      "state" : {
        "branch" : "optional-path-parameters",
        "revision" : "b29180b78d63b1f7c48530ad23546567fe380492"
      }
    },
    {
      "identity" : "swift-memberwise-init-macro",
      "kind" : "remoteSourceControl",
      "location" : "https://github.com/gohanlon/swift-memberwise-init-macro",
      "state" : {
        "revision" : "21ca6d8c8f9e4ce27e92f82da294e0d91953b8b6",
        "version" : "0.5.1"
      }
    },
    {
      "identity" : "swift-security",
      "kind" : "remoteSourceControl",
      "location" : "https://github.com/dm-zharov/swift-security",
      "state" : {
        "branch" : "main",
        "revision" : "56808589e8b5b02095afdd23357df7915639c6a2"
      }
    },
    {
      "identity" : "swift-syntax",
      "kind" : "remoteSourceControl",
      "location" : "https://github.com/swiftlang/swift-syntax",
      "state" : {
        "revision" : "2bc86522d115234d1f588efe2bcb4ce4be8f8b82",
        "version" : "510.0.3"
      }
    }
  ],
  "version" : 2
}
